
Microsoft Visual Studio Solution File, Format Version 12.00
# 
Project("{2150E333-8FDC-42A3-9474-1A3956D46DE8}") = "SpinLockUtil", "SpinLockUtil", "{57B7C07C-654E-41D3-8E85-34FB40B790F6}"
EndProject
Project("{FAE04EC0-301F-11D3-BF4B-00C04F79EFBC}") = "SpinLockUtilNS", "SpinLockUtil\SpinLockUtilNS\SpinLockUtilNS.csproj", "{B487E407-0A41-46B9-8515-82472631E6AA}"
EndProject
Project("{2150E333-8FDC-42A3-9474-1A3956D46DE8}") = "ShardedQueue", "ShardedQueue", "{4CF15933-F533-40F6-BBB4-18C586453664}"
EndProject
Project("{FAE04EC0-301F-11D3-BF4B-00C04F79EFBC}") = "ShardedQueueNS", "ShardedQueue\ShardedQueueNS\ShardedQueueNS.csproj", "{172D2722-A56E-4A3C-8EB7-C0A81FC38F47}"
EndProject
Project("{FAE04EC0-301F-11D3-BF4B-00C04F79EFBC}") = "ShardedQueueTestNS", "ShardedQueue\ShardedQueueTestNS\ShardedQueueTestNS.csproj", "{17567503-512E-4546-8A37-1A6006242475}"
EndProject
Project("{FAE04EC0-301F-11D3-BF4B-00C04F79EFBC}") = "ShardedQueueBenchmarkNS", "ShardedQueue\ShardedQueueBenchmarkNS\ShardedQueueBenchmarkNS.csproj", "{708F5DAD-550E-4146-B146-77E5758DAA29}"
EndProject
Project("{2150E333-8FDC-42A3-9474-1A3956D46DE8}") = "AsyncReadWriteLock", "AsyncReadWriteLock", "{15EF6437-3E96-4AFE-8670-56FA0D7A8860}"
EndProject
Project("{FAE04EC0-301F-11D3-BF4B-00C04F79EFBC}") = "AsyncReadWriteLockNS", "AsyncReadWriteLock\AsyncReadWriteLockNS\AsyncReadWriteLockNS.csproj", "{981A8248-8E74-47DA-9F72-4324D6CF8FA0}"
EndProject
Project("{2150E333-8FDC-42A3-9474-1A3956D46DE8}") = "RunAtomicallyProvider", "RunAtomicallyProvider", "{296A0F01-3290-4A5B-8922-F195DDC8606C}"
EndProject
Project("{FAE04EC0-301F-11D3-BF4B-00C04F79EFBC}") = "RunAtomicallyProviderNS", "RunAtomicallyProvider\RunAtomicallyProviderNS\RunAtomicallyProviderNS.csproj", "{03C5B4A0-1503-432A-9AAF-C7B327665DAF}"
EndProject
Project("{FAE04EC0-301F-11D3-BF4B-00C04F79EFBC}") = "RunAtomicallyProviderTestNS", "RunAtomicallyProvider\RunAtomicallyProviderTestNS\RunAtomicallyProviderTestNS.csproj", "{B0CDFC83-ACA5-4431-885B-EE8529C8B465}"
EndProject
Project("{2150E333-8FDC-42A3-9474-1A3956D46DE8}") = "AssertBenchmarkRelatedTestShouldNotRunInDebugProvider", "AssertBenchmarkRelatedTestShouldNotRunInDebugProvider", "{EC08E712-ECAC-4F1C-A667-0078DDE303D7}"
EndProject
Project("{FAE04EC0-301F-11D3-BF4B-00C04F79EFBC}") = "AssertBenchmarkRelatedTestShouldNotRunInDebugProviderNS", "AssertBenchmarkRelatedTestShouldNotRunInDebugProvider\AssertBenchmarkRelatedTestShouldNotRunInDebugProviderNS\AssertBenchmarkRelatedTestShouldNotRunInDebugProviderNS.csproj", "{9EEA36DA-0879-490A-8651-183FA60B5FF1}"
EndProject
Project("{2150E333-8FDC-42A3-9474-1A3956D46DE8}") = "BenchmarkUtil", "BenchmarkUtil", "{AA1F1DF1-1BE4-4FF6-B90E-7B0998844FC5}"
EndProject
Project("{FAE04EC0-301F-11D3-BF4B-00C04F79EFBC}") = "BenchmarkUtilNS", "BenchmarkUtil\BenchmarkUtilNS\BenchmarkUtilNS.csproj", "{A423F2C4-9DFD-4DB4-842B-F19D0FCB803E}"
EndProject
Project("{2150E333-8FDC-42A3-9474-1A3956D46DE8}") = "CountProvider", "CountProvider", "{A41DA6F6-AF47-4433-AFC4-26E39C3D4B5D}"
EndProject
Project("{FAE04EC0-301F-11D3-BF4B-00C04F79EFBC}") = "CountProviderNS", "CountProvider\CountProviderNS\CountProviderNS.csproj", "{DC78D9AD-1052-4147-A919-2FB62C184103}"
EndProject
Project("{2150E333-8FDC-42A3-9474-1A3956D46DE8}") = "RunWithoutGCProvider", "RunWithoutGCProvider", "{16EFE7A5-322E-4F9A-B205-431C062930FB}"
EndProject
Project("{FAE04EC0-301F-11D3-BF4B-00C04F79EFBC}") = "RunWithoutGCProviderNS", "RunWithoutGCProvider\RunWithoutGCProviderNS\RunWithoutGCProviderNS.csproj", "{45570D27-56BF-4D98-9B3F-C7C5D1DD3A08}"
EndProject
Project("{2150E333-8FDC-42A3-9474-1A3956D46DE8}") = "FairAsyncReadWriteLock", "FairAsyncReadWriteLock", "{80DC69BA-AA9E-4807-A3FC-61B1313EAE88}"
EndProject
Project("{FAE04EC0-301F-11D3-BF4B-00C04F79EFBC}") = "FairAsyncReadWriteLockNS", "FairAsyncReadWriteLock\FairAsyncReadWriteLockNS\FairAsyncReadWriteLockNS.csproj", "{F2B8BADA-6455-44AB-B60B-66E5AA12CB56}"
EndProject
Project("{2150E333-8FDC-42A3-9474-1A3956D46DE8}") = "AssertTimeUtil", "AssertTimeUtil", "{94168163-AFD5-4EEB-B2D4-8876F1542D4C}"
EndProject
Project("{FAE04EC0-301F-11D3-BF4B-00C04F79EFBC}") = "AssertTimeUtilNS", "AssertTimeUtil\AssertTimeUtilNS\AssertTimeUtilNS.csproj", "{7F159263-AF6B-47B2-A90F-0B5CE6D2B203}"
EndProject
Project("{2150E333-8FDC-42A3-9474-1A3956D46DE8}") = "RunAfterProvider", "RunAfterProvider", "{810B021A-B241-4F61-B282-39AB76FC09CA}"
EndProject
Project("{FAE04EC0-301F-11D3-BF4B-00C04F79EFBC}") = "RunAfterProviderNS", "RunAfterProvider\RunAfterProviderNS\RunAfterProviderNS.csproj", "{DDD36931-9C78-4005-A059-AB4A1DE6C964}"
EndProject
Project("{2150E333-8FDC-42A3-9474-1A3956D46DE8}") = "GetJsonDateProvider", "GetJsonDateProvider", "{92F4A1A7-2BF3-44AE-9324-FD971717B2AF}"
EndProject
Project("{FAE04EC0-301F-11D3-BF4B-00C04F79EFBC}") = "GetJsonDateProviderNS", "GetJsonDateProvider\GetJsonDateProviderNS\GetJsonDateProviderNS.csproj", "{A1E11CD0-2343-43EB-BCBE-207FF24CFE8A}"
EndProject
Project("{FAE04EC0-301F-11D3-BF4B-00C04F79EFBC}") = "FairAsyncReadWriteLockTestNS", "FairAsyncReadWriteLock\FairAsyncReadWriteLockTestNS\FairAsyncReadWriteLockTestNS.csproj", "{862AF77B-1394-44D8-B9BC-7E0802E1E20F}"
EndProject
Project("{2150E333-8FDC-42A3-9474-1A3956D46DE8}") = "AsyncLazy", "AsyncLazy", "{E21023E3-70C9-4DDE-8507-7100978468D7}"
EndProject
Project("{FAE04EC0-301F-11D3-BF4B-00C04F79EFBC}") = "AsyncLazyNS", "AsyncLazy\AsyncLazyNS\AsyncLazyNS.csproj", "{8851F2EC-4DE2-4A47-A5D8-A6332E4CC800}"
EndProject
Project("{2150E333-8FDC-42A3-9474-1A3956D46DE8}") = "CliExitCodeProvider", "CliExitCodeProvider", "{B3930725-F9A1-43A1-A9E3-4AECE2FFBF9D}"
EndProject
Project("{FAE04EC0-301F-11D3-BF4B-00C04F79EFBC}") = "CliExitCodeProviderNS", "CliExitCodeProvider\CliExitCodeProviderNS\CliExitCodeProviderNS.csproj", "{19AD9425-36BB-44B9-97A0-3176035887A2}"
EndProject
Project("{2150E333-8FDC-42A3-9474-1A3956D46DE8}") = "CockroachDbMigrationUtil", "CockroachDbMigrationUtil", "{339C3C94-B3A8-4897-86E3-FCD10EEC6E75}"
EndProject
Project("{FAE04EC0-301F-11D3-BF4B-00C04F79EFBC}") = "CockroachDbMigrationUtilNS", "CockroachDbMigrationUtil\CockroachDbMigrationUtilNS\CockroachDbMigrationUtilNS.csproj", "{59C35B99-A1AF-4496-9F8C-04D0EE15614C}"
EndProject
Project("{2150E333-8FDC-42A3-9474-1A3956D46DE8}") = "ComparisonUtil", "ComparisonUtil", "{FF23B506-A0F9-45EE-8B5A-D94977D749B2}"
EndProject
Project("{FAE04EC0-301F-11D3-BF4B-00C04F79EFBC}") = "ComparisonUtilNS", "ComparisonUtil\ComparisonUtilNS\ComparisonUtilNS.csproj", "{59D62BB5-6953-4CE7-A5CF-A5F9DC4352CD}"
EndProject
Project("{FAE04EC0-301F-11D3-BF4B-00C04F79EFBC}") = "ComparisonUtilTestNS", "ComparisonUtil\ComparisonUtilTestNS\ComparisonUtilTestNS.csproj", "{C63B6440-ECD0-4C41-B402-F9B2C2EE05A9}"
EndProject
Project("{2150E333-8FDC-42A3-9474-1A3956D46DE8}") = "ConcurrentLinkedList", "ConcurrentLinkedList", "{CF0A729A-6AF0-4E93-AA6C-C86E95ED06C6}"
EndProject
Project("{FAE04EC0-301F-11D3-BF4B-00C04F79EFBC}") = "ConcurrentLinkedListNS", "ConcurrentLinkedList\ConcurrentLinkedListNS\ConcurrentLinkedListNS.csproj", "{1BE52CAF-AAF6-46C5-95C4-CEEA31554B37}"
EndProject
Project("{2150E333-8FDC-42A3-9474-1A3956D46DE8}") = "ConvertObjectToFlatDictionaryProvider", "ConvertObjectToFlatDictionaryProvider", "{928BA9AB-D28D-4212-86B6-8BB75E4AAAE3}"
EndProject
Project("{FAE04EC0-301F-11D3-BF4B-00C04F79EFBC}") = "ConvertObjectToFlatDictionaryProviderNS", "ConvertObjectToFlatDictionaryProvider\ConvertObjectToFlatDictionaryProviderNS\ConvertObjectToFlatDictionaryProviderNS.csproj", "{7767F174-76FA-4830-BB3B-245EC2167454}"
EndProject
Project("{FAE04EC0-301F-11D3-BF4B-00C04F79EFBC}") = "ConvertObjectToFlatDictionaryProviderTestNS", "ConvertObjectToFlatDictionaryProvider\ConvertObjectToFlatDictionaryProviderTestNS\ConvertObjectToFlatDictionaryProviderTestNS.csproj", "{9980CCCD-2BF6-4E26-8AC3-5223F7E5D933}"
EndProject
Project("{2150E333-8FDC-42A3-9474-1A3956D46DE8}") = "CopyDirectoryAsyncProvider", "CopyDirectoryAsyncProvider", "{812F7D09-57BE-4066-BD4D-0FB8894D6DD8}"
EndProject
Project("{FAE04EC0-301F-11D3-BF4B-00C04F79EFBC}") = "CopyDirectoryAsyncProviderNS", "CopyDirectoryAsyncProvider\CopyDirectoryAsyncProviderNS\CopyDirectoryAsyncProviderNS.csproj", "{BD29BFC4-23CE-4002-A6B9-CF23E96D977E}"
EndProject
Project("{FAE04EC0-301F-11D3-BF4B-00C04F79EFBC}") = "CopyDirectoryAsyncProviderTestNS", "CopyDirectoryAsyncProvider\CopyDirectoryAsyncProviderTestNS\CopyDirectoryAsyncProviderTestNS.csproj", "{B334443B-B438-42A2-8245-075E42ABFF7D}"
EndProject
Project("{2150E333-8FDC-42A3-9474-1A3956D46DE8}") = "RunIfFirstCallProvider", "RunIfFirstCallProvider", "{111BBBF6-23DD-45E5-B412-1784A3A157D3}"
EndProject
Project("{FAE04EC0-301F-11D3-BF4B-00C04F79EFBC}") = "RunIfFirstCallProviderNS", "RunIfFirstCallProvider\RunIfFirstCallProviderNS\RunIfFirstCallProviderNS.csproj", "{539C053F-F91C-4D76-93E7-F0F35918899E}"
EndProject
Project("{2150E333-8FDC-42A3-9474-1A3956D46DE8}") = "CountingCancellationToken", "CountingCancellationToken", "{7C08D5D1-E69F-4332-9874-022D8A1A4512}"
EndProject
Project("{FAE04EC0-301F-11D3-BF4B-00C04F79EFBC}") = "CountingCancellationTokenNS", "CountingCancellationToken\CountingCancellationTokenNS\CountingCancellationTokenNS.csproj", "{44BF0CB4-EBD6-40EA-9555-B75D99FAC39A}"
EndProject
Project("{2150E333-8FDC-42A3-9474-1A3956D46DE8}") = "DisposeOnceSyncOrAsyncProvider", "DisposeOnceSyncOrAsyncProvider", "{4A048B60-63B2-4A32-9964-30A9FF4FD0DF}"
EndProject
Project("{FAE04EC0-301F-11D3-BF4B-00C04F79EFBC}") = "DisposeOnceSyncOrAsyncProviderNS", "DisposeOnceSyncOrAsyncProvider\DisposeOnceSyncOrAsyncProviderNS\DisposeOnceSyncOrAsyncProviderNS.csproj", "{8896B72C-C5E2-46A4-8D5A-3F15E13D4900}"
EndProject
Project("{2150E333-8FDC-42A3-9474-1A3956D46DE8}") = "CrudProto", "CrudProto", "{6BAF103F-7FFB-42FA-996C-5E9A3EAF54E5}"
EndProject
Project("{FAE04EC0-301F-11D3-BF4B-00C04F79EFBC}") = "CrudProtoNS", "CrudProto\CrudProtoNS\CrudProtoNS.csproj", "{25ED0920-8133-4046-AE8C-A00BA51DF93A}"
EndProject
Project("{2150E333-8FDC-42A3-9474-1A3956D46DE8}") = "DoEnumerablesOverlapProvider", "DoEnumerablesOverlapProvider", "{DD62B991-67E4-4881-9F6B-39756DA3BDFA}"
EndProject
Project("{FAE04EC0-301F-11D3-BF4B-00C04F79EFBC}") = "DoEnumerablesOverlapProviderNS", "DoEnumerablesOverlapProvider\DoEnumerablesOverlapProviderNS\DoEnumerablesOverlapProviderNS.csproj", "{960F18FC-24FA-4F64-B067-279DB5E3BD39}"
EndProject
Project("{2150E333-8FDC-42A3-9474-1A3956D46DE8}") = "ValueWithTimestamp", "ValueWithTimestamp", "{C614E75A-A91C-4607-8020-53F6CDD1D96D}"
EndProject
Project("{FAE04EC0-301F-11D3-BF4B-00C04F79EFBC}") = "ValueWithTimestampNS", "ValueWithTimestamp\ValueWithTimestampNS\ValueWithTimestampNS.csproj", "{EE38913F-41C8-4413-9A24-4E9186E2BF61}"
EndProject
Project("{2150E333-8FDC-42A3-9474-1A3956D46DE8}") = "DownloadCliUtil", "DownloadCliUtil", "{4EE5C369-2A55-4E1F-B5B2-A63A88007DBD}"
EndProject
Project("{FAE04EC0-301F-11D3-BF4B-00C04F79EFBC}") = "DownloadCliUtilNS", "DownloadCliUtil\DownloadCliUtilNS\DownloadCliUtilNS.csproj", "{6B1010A5-1E3A-4B5C-AB7C-46709D0E598E}"
EndProject
Project("{2150E333-8FDC-42A3-9474-1A3956D46DE8}") = "EventLoopGroupScheduler", "EventLoopGroupScheduler", "{688D1104-A574-4ADA-9940-3DB79A9ED153}"
EndProject
Project("{FAE04EC0-301F-11D3-BF4B-00C04F79EFBC}") = "EventLoopGroupSchedulerNS", "EventLoopGroupScheduler\EventLoopGroupSchedulerNS\EventLoopGroupSchedulerNS.csproj", "{74181555-CDE2-4A37-BF53-2A5568DD28D6}"
EndProject
Project("{FAE04EC0-301F-11D3-BF4B-00C04F79EFBC}") = "EventLoopGroupSchedulerTestNS", "EventLoopGroupScheduler\EventLoopGroupSchedulerTestNS\EventLoopGroupSchedulerTestNS.csproj", "{79B8BAD9-23E6-4FA0-8F6D-9ECACF3E69CE}"
EndProject
Project("{2150E333-8FDC-42A3-9474-1A3956D46DE8}") = "ExecuteCliCommandAsyncProvider", "ExecuteCliCommandAsyncProvider", "{1578F5AF-82D7-4192-B1EE-B18171810BB0}"
EndProject
Project("{FAE04EC0-301F-11D3-BF4B-00C04F79EFBC}") = "ExecuteCliCommandAsyncProviderNS", "ExecuteCliCommandAsyncProvider\ExecuteCliCommandAsyncProviderNS\ExecuteCliCommandAsyncProviderNS.csproj", "{2C73CEBD-6909-4B20-AA23-708EE76124C9}"
EndProject
Project("{2150E333-8FDC-42A3-9474-1A3956D46DE8}") = "ExpressionUtil", "ExpressionUtil", "{964972EF-1079-4961-9B2B-BD1148D0138A}"
EndProject
Project("{FAE04EC0-301F-11D3-BF4B-00C04F79EFBC}") = "ExpressionUtilNS", "ExpressionUtil\ExpressionUtilNS\ExpressionUtilNS.csproj", "{6A02736A-87B2-40E1-A83F-D712395249BE}"
EndProject
Project("{FAE04EC0-301F-11D3-BF4B-00C04F79EFBC}") = "ExpressionUtilTestNS", "ExpressionUtil\ExpressionUtilTestNS\ExpressionUtilTestNS.csproj", "{CE854EAF-5849-46FD-BFC8-CE0DA4C94C26}"
EndProject
Project("{2150E333-8FDC-42A3-9474-1A3956D46DE8}") = "FilterUtil", "FilterUtil", "{A04329DA-FA79-477E-9409-FE925AF09484}"
EndProject
Project("{FAE04EC0-301F-11D3-BF4B-00C04F79EFBC}") = "FilterUtilNS", "FilterUtil\FilterUtilNS\FilterUtilNS.csproj", "{11313254-EE63-4872-BB0B-51396CAABF0B}"
EndProject
Project("{FAE04EC0-301F-11D3-BF4B-00C04F79EFBC}") = "FilterUtilTestNS", "FilterUtil\FilterUtilTestNS\FilterUtilTestNS.csproj", "{5322456F-5528-4585-98A8-1AA49420F795}"
EndProject
Project("{2150E333-8FDC-42A3-9474-1A3956D46DE8}") = "GetCallerFilePathProvider", "GetCallerFilePathProvider", "{929B27D8-62DB-4967-AAAB-65E9A7E3AA46}"
EndProject
Project("{FAE04EC0-301F-11D3-BF4B-00C04F79EFBC}") = "GetCallerFilePathProviderNS", "GetCallerFilePathProvider\GetCallerFilePathProviderNS\GetCallerFilePathProviderNS.csproj", "{EDDF22D2-94F6-4FC7-9D05-8385982863EC}"
EndProject
Project("{2150E333-8FDC-42A3-9474-1A3956D46DE8}") = "GetDebouncedBufferProvider", "GetDebouncedBufferProvider", "{2FACD89D-130E-464F-A134-490515E56197}"
EndProject
Project("{FAE04EC0-301F-11D3-BF4B-00C04F79EFBC}") = "GetDebouncedBufferProviderNS", "GetDebouncedBufferProvider\GetDebouncedBufferProviderNS\GetDebouncedBufferProviderNS.csproj", "{58020D20-AD40-42E4-910E-9C5FA8CADD21}"
EndProject
Project("{FAE04EC0-301F-11D3-BF4B-00C04F79EFBC}") = "GetDebouncedBufferProviderTestNS", "GetDebouncedBufferProvider\GetDebouncedBufferProviderTestNS\GetDebouncedBufferProviderTestNS.csproj", "{72BC5808-2233-42AE-B69B-03FB40693FB9}"
EndProject
Project("{2150E333-8FDC-42A3-9474-1A3956D46DE8}") = "GetLikeMatcherProvider", "GetLikeMatcherProvider", "{4323A165-9BD5-4FEE-8A3C-C13D58E53A50}"
EndProject
Project("{FAE04EC0-301F-11D3-BF4B-00C04F79EFBC}") = "GetLikeMatcherProviderNS", "GetLikeMatcherProvider\GetLikeMatcherProviderNS\GetLikeMatcherProviderNS.csproj", "{60A26AE7-EF2C-4DAC-A132-29F85AC4D498}"
EndProject
Project("{2150E333-8FDC-42A3-9474-1A3956D46DE8}") = "GetUniqueIdAsyncProvider", "GetUniqueIdAsyncProvider", "{57209000-E8D7-4654-940D-C79D1A486D48}"
EndProject
Project("{FAE04EC0-301F-11D3-BF4B-00C04F79EFBC}") = "GetUniqueIdAsyncProviderNS", "GetUniqueIdAsyncProvider\GetUniqueIdAsyncProviderNS\GetUniqueIdAsyncProviderNS.csproj", "{22BA9341-8C3D-4E4C-94EE-974284E47CB3}"
EndProject
Project("{2150E333-8FDC-42A3-9474-1A3956D46DE8}") = "GetUniqueInLocalScopeUintAsyncProvider", "GetUniqueInLocalScopeUintAsyncProvider", "{3FA27A2A-1012-43ED-AA86-0B023D20844E}"
EndProject
Project("{FAE04EC0-301F-11D3-BF4B-00C04F79EFBC}") = "GetUniqueInLocalScopeUintAsyncProviderNS", "GetUniqueInLocalScopeUintAsyncProvider\GetUniqueInLocalScopeUintAsyncProviderNS\GetUniqueInLocalScopeUintAsyncProviderNS.csproj", "{8D6198E2-5A6B-4205-BB70-B6D8D6567789}"
EndProject
Project("{FAE04EC0-301F-11D3-BF4B-00C04F79EFBC}") = "GetUniqueInLocalScopeUintAsyncProviderTestNS", "GetUniqueInLocalScopeUintAsyncProvider\GetUniqueInLocalScopeUintAsyncProviderTestNS\GetUniqueInLocalScopeUintAsyncProviderTestNS.csproj", "{1502CEB0-EFC3-4AFB-BBD1-D4FB452728A4}"
EndProject
Project("{2150E333-8FDC-42A3-9474-1A3956D46DE8}") = "IsNumberProvider", "IsNumberProvider", "{2DE89BE7-448C-4F4A-BF75-DC62A9ED7889}"
EndProject
Project("{FAE04EC0-301F-11D3-BF4B-00C04F79EFBC}") = "IsNumberProviderNS", "IsNumberProvider\IsNumberProviderNS\IsNumberProviderNS.csproj", "{32FF6E0C-E3B3-49CE-BFEE-556AD8A96A07}"
EndProject
Project("{FAE04EC0-301F-11D3-BF4B-00C04F79EFBC}") = "IsNumberProviderTestNS", "IsNumberProvider\IsNumberProviderTestNS\IsNumberProviderTestNS.csproj", "{4BC103E3-1527-4A70-A736-41D2790AA401}"
EndProject
Project("{2150E333-8FDC-42A3-9474-1A3956D46DE8}") = "ComputeLevenshteinProvider", "ComputeLevenshteinProvider", "{582CD534-00D7-45E7-856A-665D96716496}"
EndProject
Project("{FAE04EC0-301F-11D3-BF4B-00C04F79EFBC}") = "ComputeLevenshteinProviderNS", "ComputeLevenshteinProvider\ComputeLevenshteinProviderNS\ComputeLevenshteinProviderNS.csproj", "{3C39E36A-CEA1-4DD1-B3B8-CBA5939AC84C}"
EndProject
Project("{FAE04EC0-301F-11D3-BF4B-00C04F79EFBC}") = "ComputeLevenshteinProviderTestNS", "ComputeLevenshteinProvider\ComputeLevenshteinProviderTestNS\ComputeLevenshteinProviderTestNS.csproj", "{8F9F1F5B-8A81-4398-BF33-7564CE66A297}"
EndProject
Project("{2150E333-8FDC-42A3-9474-1A3956D46DE8}") = "ComputeLongestCommonSubsequenceLengthProvider", "ComputeLongestCommonSubsequenceLengthProvider", "{60C0E5D1-651A-4298-A0D6-DC42CBF57488}"
EndProject
Project("{FAE04EC0-301F-11D3-BF4B-00C04F79EFBC}") = "ComputeLongestCommonSubsequenceLengthProviderNS", "ComputeLongestCommonSubsequenceLengthProvider\ComputeLongestCommonSubsequenceLengthProviderNS\ComputeLongestCommonSubsequenceLengthProviderNS.csproj", "{A796FFAB-C9CB-4A88-B49F-F91BB5D0B69E}"
EndProject
Project("{FAE04EC0-301F-11D3-BF4B-00C04F79EFBC}") = "ComputeLongestCommonSubsequenceLengthProviderTestNS", "ComputeLongestCommonSubsequenceLengthProvider\ComputeLongestCommonSubsequenceLengthProviderTestNS\ComputeLongestCommonSubsequenceLengthProviderTestNS.csproj", "{F14377F0-9DC4-4910-9013-EF24AD66204F}"
EndProject
Project("{2150E333-8FDC-42A3-9474-1A3956D46DE8}") = "ValueOrError", "ValueOrError", "{34CF5979-DD2D-41D3-AFC1-7C84C9BE6B4B}"
EndProject
Project("{FAE04EC0-301F-11D3-BF4B-00C04F79EFBC}") = "ValueOrErrorNS", "ValueOrError\ValueOrErrorNS\ValueOrErrorNS.csproj", "{8F92AF6E-4B47-42AC-8AF2-8AC27C88B352}"
EndProject
Project("{2150E333-8FDC-42A3-9474-1A3956D46DE8}") = "MoveIndexListInListProvider", "MoveIndexListInListProvider", "{7BC9D3B1-538A-4144-8156-096C940BC560}"
EndProject
Project("{FAE04EC0-301F-11D3-BF4B-00C04F79EFBC}") = "MoveIndexListInListProviderNS", "MoveIndexListInListProvider\MoveIndexListInListProviderNS\MoveIndexListInListProviderNS.csproj", "{F898DD11-3917-4250-BA0A-3E938B8B370C}"
EndProject
Project("{FAE04EC0-301F-11D3-BF4B-00C04F79EFBC}") = "MoveIndexListInListProviderTestNS", "MoveIndexListInListProvider\MoveIndexListInListProviderTestNS\MoveIndexListInListProviderTestNS.csproj", "{E37A12B7-B4AA-43F2-A211-0A72A79CFD5A}"
EndProject
Project("{2150E333-8FDC-42A3-9474-1A3956D46DE8}") = "ReplaceTemplateVariablesProvider", "ReplaceTemplateVariablesProvider", "{6C6C8522-7588-48E8-8E83-264DD40C6326}"
EndProject
Project("{FAE04EC0-301F-11D3-BF4B-00C04F79EFBC}") = "ReplaceTemplateVariablesProviderNS", "ReplaceTemplateVariablesProvider\ReplaceTemplateVariablesProviderNS\ReplaceTemplateVariablesProviderNS.csproj", "{9D7B7769-8E87-434C-A5BB-08BE4FB59649}"
EndProject
Project("{FAE04EC0-301F-11D3-BF4B-00C04F79EFBC}") = "ReplaceTemplateVariablesProviderTestNS", "ReplaceTemplateVariablesProvider\ReplaceTemplateVariablesProviderTestNS\ReplaceTemplateVariablesProviderTestNS.csproj", "{AD7C5E8C-A984-4684-ABF1-64328983D753}"
EndProject
Project("{2150E333-8FDC-42A3-9474-1A3956D46DE8}") = "MakeConfigurationFilesFromTemplatesProvider", "MakeConfigurationFilesFromTemplatesProvider", "{3DD24E56-05E5-4F19-A424-A963A97593AB}"
EndProject
Project("{FAE04EC0-301F-11D3-BF4B-00C04F79EFBC}") = "MakeConfigurationFilesFromTemplatesProviderNS", "MakeConfigurationFilesFromTemplatesProvider\MakeConfigurationFilesFromTemplatesProviderNS\MakeConfigurationFilesFromTemplatesProviderNS.csproj", "{73060A29-0EE7-42EE-91A4-A8F3D1B5A71A}"
EndProject
Project("{2150E333-8FDC-42A3-9474-1A3956D46DE8}") = "PerfectlyBalancedTree", "PerfectlyBalancedTree", "{6A45146D-C453-4836-B7B0-4D08A8832235}"
EndProject
Project("{FAE04EC0-301F-11D3-BF4B-00C04F79EFBC}") = "PerfectlyBalancedTreeNS", "PerfectlyBalancedTree\PerfectlyBalancedTreeNS\PerfectlyBalancedTreeNS.csproj", "{08D985B9-3656-4B7D-A27F-F33C2AA7008A}"
EndProject
Project("{FAE04EC0-301F-11D3-BF4B-00C04F79EFBC}") = "PerfectlyBalancedTreeTestNS", "PerfectlyBalancedTree\PerfectlyBalancedTreeTestNS\PerfectlyBalancedTreeTestNS.csproj", "{F877A3D0-7312-4479-9FDD-0D653B8D7383}"
EndProject
Project("{2150E333-8FDC-42A3-9474-1A3956D46DE8}") = "GetValueObservableProvider", "GetValueObservableProvider", "{6CBF64B8-A830-47F6-940B-A56F1C4FB83E}"
EndProject
Project("{FAE04EC0-301F-11D3-BF4B-00C04F79EFBC}") = "GetValueObservableProviderNS", "GetValueObservableProvider\GetValueObservableProviderNS\GetValueObservableProviderNS.csproj", "{EDFC4C4B-17DD-4CA0-8385-0EE57810AC48}"
EndProject
Global
	GlobalSection(SolutionConfigurationPlatforms) = preSolution
		Debug|Any CPU = Debug|Any CPU
		Release|Any CPU = Release|Any CPU
	EndGlobalSection
	GlobalSection(ProjectConfigurationPlatforms) = postSolution
		{B487E407-0A41-46B9-8515-82472631E6AA}.Debug|Any CPU.ActiveCfg = Debug|Any CPU
		{B487E407-0A41-46B9-8515-82472631E6AA}.Debug|Any CPU.Build.0 = Debug|Any CPU
		{B487E407-0A41-46B9-8515-82472631E6AA}.Release|Any CPU.ActiveCfg = Release|Any CPU
		{B487E407-0A41-46B9-8515-82472631E6AA}.Release|Any CPU.Build.0 = Release|Any CPU
		{172D2722-A56E-4A3C-8EB7-C0A81FC38F47}.Debug|Any CPU.ActiveCfg = Debug|Any CPU
		{172D2722-A56E-4A3C-8EB7-C0A81FC38F47}.Debug|Any CPU.Build.0 = Debug|Any CPU
		{172D2722-A56E-4A3C-8EB7-C0A81FC38F47}.Release|Any CPU.ActiveCfg = Release|Any CPU
		{172D2722-A56E-4A3C-8EB7-C0A81FC38F47}.Release|Any CPU.Build.0 = Release|Any CPU
		{17567503-512E-4546-8A37-1A6006242475}.Debug|Any CPU.ActiveCfg = Debug|Any CPU
		{17567503-512E-4546-8A37-1A6006242475}.Debug|Any CPU.Build.0 = Debug|Any CPU
		{17567503-512E-4546-8A37-1A6006242475}.Release|Any CPU.ActiveCfg = Release|Any CPU
		{17567503-512E-4546-8A37-1A6006242475}.Release|Any CPU.Build.0 = Release|Any CPU
		{708F5DAD-550E-4146-B146-77E5758DAA29}.Debug|Any CPU.ActiveCfg = Debug|Any CPU
		{708F5DAD-550E-4146-B146-77E5758DAA29}.Debug|Any CPU.Build.0 = Debug|Any CPU
		{708F5DAD-550E-4146-B146-77E5758DAA29}.Release|Any CPU.ActiveCfg = Release|Any CPU
		{708F5DAD-550E-4146-B146-77E5758DAA29}.Release|Any CPU.Build.0 = Release|Any CPU
		{981A8248-8E74-47DA-9F72-4324D6CF8FA0}.Debug|Any CPU.ActiveCfg = Debug|Any CPU
		{981A8248-8E74-47DA-9F72-4324D6CF8FA0}.Debug|Any CPU.Build.0 = Debug|Any CPU
		{981A8248-8E74-47DA-9F72-4324D6CF8FA0}.Release|Any CPU.ActiveCfg = Release|Any CPU
		{981A8248-8E74-47DA-9F72-4324D6CF8FA0}.Release|Any CPU.Build.0 = Release|Any CPU
		{03C5B4A0-1503-432A-9AAF-C7B327665DAF}.Debug|Any CPU.ActiveCfg = Debug|Any CPU
		{03C5B4A0-1503-432A-9AAF-C7B327665DAF}.Debug|Any CPU.Build.0 = Debug|Any CPU
		{03C5B4A0-1503-432A-9AAF-C7B327665DAF}.Release|Any CPU.ActiveCfg = Release|Any CPU
		{03C5B4A0-1503-432A-9AAF-C7B327665DAF}.Release|Any CPU.Build.0 = Release|Any CPU
		{B0CDFC83-ACA5-4431-885B-EE8529C8B465}.Debug|Any CPU.ActiveCfg = Debug|Any CPU
		{B0CDFC83-ACA5-4431-885B-EE8529C8B465}.Debug|Any CPU.Build.0 = Debug|Any CPU
		{B0CDFC83-ACA5-4431-885B-EE8529C8B465}.Release|Any CPU.ActiveCfg = Release|Any CPU
		{B0CDFC83-ACA5-4431-885B-EE8529C8B465}.Release|Any CPU.Build.0 = Release|Any CPU
		{9EEA36DA-0879-490A-8651-183FA60B5FF1}.Debug|Any CPU.ActiveCfg = Debug|Any CPU
		{9EEA36DA-0879-490A-8651-183FA60B5FF1}.Debug|Any CPU.Build.0 = Debug|Any CPU
		{9EEA36DA-0879-490A-8651-183FA60B5FF1}.Release|Any CPU.ActiveCfg = Release|Any CPU
		{9EEA36DA-0879-490A-8651-183FA60B5FF1}.Release|Any CPU.Build.0 = Release|Any CPU
		{A423F2C4-9DFD-4DB4-842B-F19D0FCB803E}.Debug|Any CPU.ActiveCfg = Debug|Any CPU
		{A423F2C4-9DFD-4DB4-842B-F19D0FCB803E}.Debug|Any CPU.Build.0 = Debug|Any CPU
		{A423F2C4-9DFD-4DB4-842B-F19D0FCB803E}.Release|Any CPU.ActiveCfg = Release|Any CPU
		{A423F2C4-9DFD-4DB4-842B-F19D0FCB803E}.Release|Any CPU.Build.0 = Release|Any CPU
		{DC78D9AD-1052-4147-A919-2FB62C184103}.Debug|Any CPU.ActiveCfg = Debug|Any CPU
		{DC78D9AD-1052-4147-A919-2FB62C184103}.Debug|Any CPU.Build.0 = Debug|Any CPU
		{DC78D9AD-1052-4147-A919-2FB62C184103}.Release|Any CPU.ActiveCfg = Release|Any CPU
		{DC78D9AD-1052-4147-A919-2FB62C184103}.Release|Any CPU.Build.0 = Release|Any CPU
		{45570D27-56BF-4D98-9B3F-C7C5D1DD3A08}.Debug|Any CPU.ActiveCfg = Debug|Any CPU
		{45570D27-56BF-4D98-9B3F-C7C5D1DD3A08}.Debug|Any CPU.Build.0 = Debug|Any CPU
		{45570D27-56BF-4D98-9B3F-C7C5D1DD3A08}.Release|Any CPU.ActiveCfg = Release|Any CPU
		{45570D27-56BF-4D98-9B3F-C7C5D1DD3A08}.Release|Any CPU.Build.0 = Release|Any CPU
		{F2B8BADA-6455-44AB-B60B-66E5AA12CB56}.Debug|Any CPU.ActiveCfg = Debug|Any CPU
		{F2B8BADA-6455-44AB-B60B-66E5AA12CB56}.Debug|Any CPU.Build.0 = Debug|Any CPU
		{F2B8BADA-6455-44AB-B60B-66E5AA12CB56}.Release|Any CPU.ActiveCfg = Release|Any CPU
		{F2B8BADA-6455-44AB-B60B-66E5AA12CB56}.Release|Any CPU.Build.0 = Release|Any CPU
		{7F159263-AF6B-47B2-A90F-0B5CE6D2B203}.Debug|Any CPU.ActiveCfg = Debug|Any CPU
		{7F159263-AF6B-47B2-A90F-0B5CE6D2B203}.Debug|Any CPU.Build.0 = Debug|Any CPU
		{7F159263-AF6B-47B2-A90F-0B5CE6D2B203}.Release|Any CPU.ActiveCfg = Release|Any CPU
		{7F159263-AF6B-47B2-A90F-0B5CE6D2B203}.Release|Any CPU.Build.0 = Release|Any CPU
		{DDD36931-9C78-4005-A059-AB4A1DE6C964}.Debug|Any CPU.ActiveCfg = Debug|Any CPU
		{DDD36931-9C78-4005-A059-AB4A1DE6C964}.Debug|Any CPU.Build.0 = Debug|Any CPU
		{DDD36931-9C78-4005-A059-AB4A1DE6C964}.Release|Any CPU.ActiveCfg = Release|Any CPU
		{DDD36931-9C78-4005-A059-AB4A1DE6C964}.Release|Any CPU.Build.0 = Release|Any CPU
		{A1E11CD0-2343-43EB-BCBE-207FF24CFE8A}.Debug|Any CPU.ActiveCfg = Debug|Any CPU
		{A1E11CD0-2343-43EB-BCBE-207FF24CFE8A}.Debug|Any CPU.Build.0 = Debug|Any CPU
		{A1E11CD0-2343-43EB-BCBE-207FF24CFE8A}.Release|Any CPU.ActiveCfg = Release|Any CPU
		{A1E11CD0-2343-43EB-BCBE-207FF24CFE8A}.Release|Any CPU.Build.0 = Release|Any CPU
		{862AF77B-1394-44D8-B9BC-7E0802E1E20F}.Debug|Any CPU.ActiveCfg = Debug|Any CPU
		{862AF77B-1394-44D8-B9BC-7E0802E1E20F}.Debug|Any CPU.Build.0 = Debug|Any CPU
		{862AF77B-1394-44D8-B9BC-7E0802E1E20F}.Release|Any CPU.ActiveCfg = Release|Any CPU
		{862AF77B-1394-44D8-B9BC-7E0802E1E20F}.Release|Any CPU.Build.0 = Release|Any CPU
		{8851F2EC-4DE2-4A47-A5D8-A6332E4CC800}.Debug|Any CPU.ActiveCfg = Debug|Any CPU
		{8851F2EC-4DE2-4A47-A5D8-A6332E4CC800}.Debug|Any CPU.Build.0 = Debug|Any CPU
		{8851F2EC-4DE2-4A47-A5D8-A6332E4CC800}.Release|Any CPU.ActiveCfg = Release|Any CPU
		{8851F2EC-4DE2-4A47-A5D8-A6332E4CC800}.Release|Any CPU.Build.0 = Release|Any CPU
		{19AD9425-36BB-44B9-97A0-3176035887A2}.Debug|Any CPU.ActiveCfg = Debug|Any CPU
		{19AD9425-36BB-44B9-97A0-3176035887A2}.Debug|Any CPU.Build.0 = Debug|Any CPU
		{19AD9425-36BB-44B9-97A0-3176035887A2}.Release|Any CPU.ActiveCfg = Release|Any CPU
		{19AD9425-36BB-44B9-97A0-3176035887A2}.Release|Any CPU.Build.0 = Release|Any CPU
		{59C35B99-A1AF-4496-9F8C-04D0EE15614C}.Debug|Any CPU.ActiveCfg = Debug|Any CPU
		{59C35B99-A1AF-4496-9F8C-04D0EE15614C}.Debug|Any CPU.Build.0 = Debug|Any CPU
		{59C35B99-A1AF-4496-9F8C-04D0EE15614C}.Release|Any CPU.ActiveCfg = Release|Any CPU
		{59C35B99-A1AF-4496-9F8C-04D0EE15614C}.Release|Any CPU.Build.0 = Release|Any CPU
		{59D62BB5-6953-4CE7-A5CF-A5F9DC4352CD}.Debug|Any CPU.ActiveCfg = Debug|Any CPU
		{59D62BB5-6953-4CE7-A5CF-A5F9DC4352CD}.Debug|Any CPU.Build.0 = Debug|Any CPU
		{59D62BB5-6953-4CE7-A5CF-A5F9DC4352CD}.Release|Any CPU.ActiveCfg = Release|Any CPU
		{59D62BB5-6953-4CE7-A5CF-A5F9DC4352CD}.Release|Any CPU.Build.0 = Release|Any CPU
		{C63B6440-ECD0-4C41-B402-F9B2C2EE05A9}.Debug|Any CPU.ActiveCfg = Debug|Any CPU
		{C63B6440-ECD0-4C41-B402-F9B2C2EE05A9}.Debug|Any CPU.Build.0 = Debug|Any CPU
		{C63B6440-ECD0-4C41-B402-F9B2C2EE05A9}.Release|Any CPU.ActiveCfg = Release|Any CPU
		{C63B6440-ECD0-4C41-B402-F9B2C2EE05A9}.Release|Any CPU.Build.0 = Release|Any CPU
		{1BE52CAF-AAF6-46C5-95C4-CEEA31554B37}.Debug|Any CPU.ActiveCfg = Debug|Any CPU
		{1BE52CAF-AAF6-46C5-95C4-CEEA31554B37}.Debug|Any CPU.Build.0 = Debug|Any CPU
		{1BE52CAF-AAF6-46C5-95C4-CEEA31554B37}.Release|Any CPU.ActiveCfg = Release|Any CPU
		{1BE52CAF-AAF6-46C5-95C4-CEEA31554B37}.Release|Any CPU.Build.0 = Release|Any CPU
		{7767F174-76FA-4830-BB3B-245EC2167454}.Debug|Any CPU.ActiveCfg = Debug|Any CPU
		{7767F174-76FA-4830-BB3B-245EC2167454}.Debug|Any CPU.Build.0 = Debug|Any CPU
		{7767F174-76FA-4830-BB3B-245EC2167454}.Release|Any CPU.ActiveCfg = Release|Any CPU
		{7767F174-76FA-4830-BB3B-245EC2167454}.Release|Any CPU.Build.0 = Release|Any CPU
		{9980CCCD-2BF6-4E26-8AC3-5223F7E5D933}.Debug|Any CPU.ActiveCfg = Debug|Any CPU
		{9980CCCD-2BF6-4E26-8AC3-5223F7E5D933}.Debug|Any CPU.Build.0 = Debug|Any CPU
		{9980CCCD-2BF6-4E26-8AC3-5223F7E5D933}.Release|Any CPU.ActiveCfg = Release|Any CPU
		{9980CCCD-2BF6-4E26-8AC3-5223F7E5D933}.Release|Any CPU.Build.0 = Release|Any CPU
		{BD29BFC4-23CE-4002-A6B9-CF23E96D977E}.Debug|Any CPU.ActiveCfg = Debug|Any CPU
		{BD29BFC4-23CE-4002-A6B9-CF23E96D977E}.Debug|Any CPU.Build.0 = Debug|Any CPU
		{BD29BFC4-23CE-4002-A6B9-CF23E96D977E}.Release|Any CPU.ActiveCfg = Release|Any CPU
		{BD29BFC4-23CE-4002-A6B9-CF23E96D977E}.Release|Any CPU.Build.0 = Release|Any CPU
		{B334443B-B438-42A2-8245-075E42ABFF7D}.Debug|Any CPU.ActiveCfg = Debug|Any CPU
		{B334443B-B438-42A2-8245-075E42ABFF7D}.Debug|Any CPU.Build.0 = Debug|Any CPU
		{B334443B-B438-42A2-8245-075E42ABFF7D}.Release|Any CPU.ActiveCfg = Release|Any CPU
		{B334443B-B438-42A2-8245-075E42ABFF7D}.Release|Any CPU.Build.0 = Release|Any CPU
		{539C053F-F91C-4D76-93E7-F0F35918899E}.Debug|Any CPU.ActiveCfg = Debug|Any CPU
		{539C053F-F91C-4D76-93E7-F0F35918899E}.Debug|Any CPU.Build.0 = Debug|Any CPU
		{539C053F-F91C-4D76-93E7-F0F35918899E}.Release|Any CPU.ActiveCfg = Release|Any CPU
		{539C053F-F91C-4D76-93E7-F0F35918899E}.Release|Any CPU.Build.0 = Release|Any CPU
		{44BF0CB4-EBD6-40EA-9555-B75D99FAC39A}.Debug|Any CPU.ActiveCfg = Debug|Any CPU
		{44BF0CB4-EBD6-40EA-9555-B75D99FAC39A}.Debug|Any CPU.Build.0 = Debug|Any CPU
		{44BF0CB4-EBD6-40EA-9555-B75D99FAC39A}.Release|Any CPU.ActiveCfg = Release|Any CPU
		{44BF0CB4-EBD6-40EA-9555-B75D99FAC39A}.Release|Any CPU.Build.0 = Release|Any CPU
		{8896B72C-C5E2-46A4-8D5A-3F15E13D4900}.Debug|Any CPU.ActiveCfg = Debug|Any CPU
		{8896B72C-C5E2-46A4-8D5A-3F15E13D4900}.Debug|Any CPU.Build.0 = Debug|Any CPU
		{8896B72C-C5E2-46A4-8D5A-3F15E13D4900}.Release|Any CPU.ActiveCfg = Release|Any CPU
		{8896B72C-C5E2-46A4-8D5A-3F15E13D4900}.Release|Any CPU.Build.0 = Release|Any CPU
		{25ED0920-8133-4046-AE8C-A00BA51DF93A}.Debug|Any CPU.ActiveCfg = Debug|Any CPU
		{25ED0920-8133-4046-AE8C-A00BA51DF93A}.Debug|Any CPU.Build.0 = Debug|Any CPU
		{25ED0920-8133-4046-AE8C-A00BA51DF93A}.Release|Any CPU.ActiveCfg = Release|Any CPU
		{25ED0920-8133-4046-AE8C-A00BA51DF93A}.Release|Any CPU.Build.0 = Release|Any CPU
		{960F18FC-24FA-4F64-B067-279DB5E3BD39}.Debug|Any CPU.ActiveCfg = Debug|Any CPU
		{960F18FC-24FA-4F64-B067-279DB5E3BD39}.Debug|Any CPU.Build.0 = Debug|Any CPU
		{960F18FC-24FA-4F64-B067-279DB5E3BD39}.Release|Any CPU.ActiveCfg = Release|Any CPU
		{960F18FC-24FA-4F64-B067-279DB5E3BD39}.Release|Any CPU.Build.0 = Release|Any CPU
		{EE38913F-41C8-4413-9A24-4E9186E2BF61}.Debug|Any CPU.ActiveCfg = Debug|Any CPU
		{EE38913F-41C8-4413-9A24-4E9186E2BF61}.Debug|Any CPU.Build.0 = Debug|Any CPU
		{EE38913F-41C8-4413-9A24-4E9186E2BF61}.Release|Any CPU.ActiveCfg = Release|Any CPU
		{EE38913F-41C8-4413-9A24-4E9186E2BF61}.Release|Any CPU.Build.0 = Release|Any CPU
		{6B1010A5-1E3A-4B5C-AB7C-46709D0E598E}.Debug|Any CPU.ActiveCfg = Debug|Any CPU
		{6B1010A5-1E3A-4B5C-AB7C-46709D0E598E}.Debug|Any CPU.Build.0 = Debug|Any CPU
		{6B1010A5-1E3A-4B5C-AB7C-46709D0E598E}.Release|Any CPU.ActiveCfg = Release|Any CPU
		{6B1010A5-1E3A-4B5C-AB7C-46709D0E598E}.Release|Any CPU.Build.0 = Release|Any CPU
		{74181555-CDE2-4A37-BF53-2A5568DD28D6}.Debug|Any CPU.ActiveCfg = Debug|Any CPU
		{74181555-CDE2-4A37-BF53-2A5568DD28D6}.Debug|Any CPU.Build.0 = Debug|Any CPU
		{74181555-CDE2-4A37-BF53-2A5568DD28D6}.Release|Any CPU.ActiveCfg = Release|Any CPU
		{74181555-CDE2-4A37-BF53-2A5568DD28D6}.Release|Any CPU.Build.0 = Release|Any CPU
		{79B8BAD9-23E6-4FA0-8F6D-9ECACF3E69CE}.Debug|Any CPU.ActiveCfg = Debug|Any CPU
		{79B8BAD9-23E6-4FA0-8F6D-9ECACF3E69CE}.Debug|Any CPU.Build.0 = Debug|Any CPU
		{79B8BAD9-23E6-4FA0-8F6D-9ECACF3E69CE}.Release|Any CPU.ActiveCfg = Release|Any CPU
		{79B8BAD9-23E6-4FA0-8F6D-9ECACF3E69CE}.Release|Any CPU.Build.0 = Release|Any CPU
		{2C73CEBD-6909-4B20-AA23-708EE76124C9}.Debug|Any CPU.ActiveCfg = Debug|Any CPU
		{2C73CEBD-6909-4B20-AA23-708EE76124C9}.Debug|Any CPU.Build.0 = Debug|Any CPU
		{2C73CEBD-6909-4B20-AA23-708EE76124C9}.Release|Any CPU.ActiveCfg = Release|Any CPU
		{2C73CEBD-6909-4B20-AA23-708EE76124C9}.Release|Any CPU.Build.0 = Release|Any CPU
		{6A02736A-87B2-40E1-A83F-D712395249BE}.Debug|Any CPU.ActiveCfg = Debug|Any CPU
		{6A02736A-87B2-40E1-A83F-D712395249BE}.Debug|Any CPU.Build.0 = Debug|Any CPU
		{6A02736A-87B2-40E1-A83F-D712395249BE}.Release|Any CPU.ActiveCfg = Release|Any CPU
		{6A02736A-87B2-40E1-A83F-D712395249BE}.Release|Any CPU.Build.0 = Release|Any CPU
		{CE854EAF-5849-46FD-BFC8-CE0DA4C94C26}.Debug|Any CPU.ActiveCfg = Debug|Any CPU
		{CE854EAF-5849-46FD-BFC8-CE0DA4C94C26}.Debug|Any CPU.Build.0 = Debug|Any CPU
		{CE854EAF-5849-46FD-BFC8-CE0DA4C94C26}.Release|Any CPU.ActiveCfg = Release|Any CPU
		{CE854EAF-5849-46FD-BFC8-CE0DA4C94C26}.Release|Any CPU.Build.0 = Release|Any CPU
		{11313254-EE63-4872-BB0B-51396CAABF0B}.Debug|Any CPU.ActiveCfg = Debug|Any CPU
		{11313254-EE63-4872-BB0B-51396CAABF0B}.Debug|Any CPU.Build.0 = Debug|Any CPU
		{11313254-EE63-4872-BB0B-51396CAABF0B}.Release|Any CPU.ActiveCfg = Release|Any CPU
		{11313254-EE63-4872-BB0B-51396CAABF0B}.Release|Any CPU.Build.0 = Release|Any CPU
		{5322456F-5528-4585-98A8-1AA49420F795}.Debug|Any CPU.ActiveCfg = Debug|Any CPU
		{5322456F-5528-4585-98A8-1AA49420F795}.Debug|Any CPU.Build.0 = Debug|Any CPU
		{5322456F-5528-4585-98A8-1AA49420F795}.Release|Any CPU.ActiveCfg = Release|Any CPU
		{5322456F-5528-4585-98A8-1AA49420F795}.Release|Any CPU.Build.0 = Release|Any CPU
		{EDDF22D2-94F6-4FC7-9D05-8385982863EC}.Debug|Any CPU.ActiveCfg = Debug|Any CPU
		{EDDF22D2-94F6-4FC7-9D05-8385982863EC}.Debug|Any CPU.Build.0 = Debug|Any CPU
		{EDDF22D2-94F6-4FC7-9D05-8385982863EC}.Release|Any CPU.ActiveCfg = Release|Any CPU
		{EDDF22D2-94F6-4FC7-9D05-8385982863EC}.Release|Any CPU.Build.0 = Release|Any CPU
		{58020D20-AD40-42E4-910E-9C5FA8CADD21}.Debug|Any CPU.ActiveCfg = Debug|Any CPU
		{58020D20-AD40-42E4-910E-9C5FA8CADD21}.Debug|Any CPU.Build.0 = Debug|Any CPU
		{58020D20-AD40-42E4-910E-9C5FA8CADD21}.Release|Any CPU.ActiveCfg = Release|Any CPU
		{58020D20-AD40-42E4-910E-9C5FA8CADD21}.Release|Any CPU.Build.0 = Release|Any CPU
		{72BC5808-2233-42AE-B69B-03FB40693FB9}.Debug|Any CPU.ActiveCfg = Debug|Any CPU
		{72BC5808-2233-42AE-B69B-03FB40693FB9}.Debug|Any CPU.Build.0 = Debug|Any CPU
		{72BC5808-2233-42AE-B69B-03FB40693FB9}.Release|Any CPU.ActiveCfg = Release|Any CPU
		{72BC5808-2233-42AE-B69B-03FB40693FB9}.Release|Any CPU.Build.0 = Release|Any CPU
		{60A26AE7-EF2C-4DAC-A132-29F85AC4D498}.Debug|Any CPU.ActiveCfg = Debug|Any CPU
		{60A26AE7-EF2C-4DAC-A132-29F85AC4D498}.Debug|Any CPU.Build.0 = Debug|Any CPU
		{60A26AE7-EF2C-4DAC-A132-29F85AC4D498}.Release|Any CPU.ActiveCfg = Release|Any CPU
		{60A26AE7-EF2C-4DAC-A132-29F85AC4D498}.Release|Any CPU.Build.0 = Release|Any CPU
		{22BA9341-8C3D-4E4C-94EE-974284E47CB3}.Debug|Any CPU.ActiveCfg = Debug|Any CPU
		{22BA9341-8C3D-4E4C-94EE-974284E47CB3}.Debug|Any CPU.Build.0 = Debug|Any CPU
		{22BA9341-8C3D-4E4C-94EE-974284E47CB3}.Release|Any CPU.ActiveCfg = Release|Any CPU
		{22BA9341-8C3D-4E4C-94EE-974284E47CB3}.Release|Any CPU.Build.0 = Release|Any CPU
		{8D6198E2-5A6B-4205-BB70-B6D8D6567789}.Debug|Any CPU.ActiveCfg = Debug|Any CPU
		{8D6198E2-5A6B-4205-BB70-B6D8D6567789}.Debug|Any CPU.Build.0 = Debug|Any CPU
		{8D6198E2-5A6B-4205-BB70-B6D8D6567789}.Release|Any CPU.ActiveCfg = Release|Any CPU
		{8D6198E2-5A6B-4205-BB70-B6D8D6567789}.Release|Any CPU.Build.0 = Release|Any CPU
		{1502CEB0-EFC3-4AFB-BBD1-D4FB452728A4}.Debug|Any CPU.ActiveCfg = Debug|Any CPU
		{1502CEB0-EFC3-4AFB-BBD1-D4FB452728A4}.Debug|Any CPU.Build.0 = Debug|Any CPU
		{1502CEB0-EFC3-4AFB-BBD1-D4FB452728A4}.Release|Any CPU.ActiveCfg = Release|Any CPU
		{1502CEB0-EFC3-4AFB-BBD1-D4FB452728A4}.Release|Any CPU.Build.0 = Release|Any CPU
		{32FF6E0C-E3B3-49CE-BFEE-556AD8A96A07}.Debug|Any CPU.ActiveCfg = Debug|Any CPU
		{32FF6E0C-E3B3-49CE-BFEE-556AD8A96A07}.Debug|Any CPU.Build.0 = Debug|Any CPU
		{32FF6E0C-E3B3-49CE-BFEE-556AD8A96A07}.Release|Any CPU.ActiveCfg = Release|Any CPU
		{32FF6E0C-E3B3-49CE-BFEE-556AD8A96A07}.Release|Any CPU.Build.0 = Release|Any CPU
		{4BC103E3-1527-4A70-A736-41D2790AA401}.Debug|Any CPU.ActiveCfg = Debug|Any CPU
		{4BC103E3-1527-4A70-A736-41D2790AA401}.Debug|Any CPU.Build.0 = Debug|Any CPU
		{4BC103E3-1527-4A70-A736-41D2790AA401}.Release|Any CPU.ActiveCfg = Release|Any CPU
		{4BC103E3-1527-4A70-A736-41D2790AA401}.Release|Any CPU.Build.0 = Release|Any CPU
		{3C39E36A-CEA1-4DD1-B3B8-CBA5939AC84C}.Debug|Any CPU.ActiveCfg = Debug|Any CPU
		{3C39E36A-CEA1-4DD1-B3B8-CBA5939AC84C}.Debug|Any CPU.Build.0 = Debug|Any CPU
		{3C39E36A-CEA1-4DD1-B3B8-CBA5939AC84C}.Release|Any CPU.ActiveCfg = Release|Any CPU
		{3C39E36A-CEA1-4DD1-B3B8-CBA5939AC84C}.Release|Any CPU.Build.0 = Release|Any CPU
		{8F9F1F5B-8A81-4398-BF33-7564CE66A297}.Debug|Any CPU.ActiveCfg = Debug|Any CPU
		{8F9F1F5B-8A81-4398-BF33-7564CE66A297}.Debug|Any CPU.Build.0 = Debug|Any CPU
		{8F9F1F5B-8A81-4398-BF33-7564CE66A297}.Release|Any CPU.ActiveCfg = Release|Any CPU
		{8F9F1F5B-8A81-4398-BF33-7564CE66A297}.Release|Any CPU.Build.0 = Release|Any CPU
		{A796FFAB-C9CB-4A88-B49F-F91BB5D0B69E}.Debug|Any CPU.ActiveCfg = Debug|Any CPU
		{A796FFAB-C9CB-4A88-B49F-F91BB5D0B69E}.Debug|Any CPU.Build.0 = Debug|Any CPU
		{A796FFAB-C9CB-4A88-B49F-F91BB5D0B69E}.Release|Any CPU.ActiveCfg = Release|Any CPU
		{A796FFAB-C9CB-4A88-B49F-F91BB5D0B69E}.Release|Any CPU.Build.0 = Release|Any CPU
		{F14377F0-9DC4-4910-9013-EF24AD66204F}.Debug|Any CPU.ActiveCfg = Debug|Any CPU
		{F14377F0-9DC4-4910-9013-EF24AD66204F}.Debug|Any CPU.Build.0 = Debug|Any CPU
		{F14377F0-9DC4-4910-9013-EF24AD66204F}.Release|Any CPU.ActiveCfg = Release|Any CPU
		{F14377F0-9DC4-4910-9013-EF24AD66204F}.Release|Any CPU.Build.0 = Release|Any CPU
		{8F92AF6E-4B47-42AC-8AF2-8AC27C88B352}.Debug|Any CPU.ActiveCfg = Debug|Any CPU
		{8F92AF6E-4B47-42AC-8AF2-8AC27C88B352}.Debug|Any CPU.Build.0 = Debug|Any CPU
		{8F92AF6E-4B47-42AC-8AF2-8AC27C88B352}.Release|Any CPU.ActiveCfg = Release|Any CPU
		{8F92AF6E-4B47-42AC-8AF2-8AC27C88B352}.Release|Any CPU.Build.0 = Release|Any CPU
		{F898DD11-3917-4250-BA0A-3E938B8B370C}.Debug|Any CPU.ActiveCfg = Debug|Any CPU
		{F898DD11-3917-4250-BA0A-3E938B8B370C}.Debug|Any CPU.Build.0 = Debug|Any CPU
		{F898DD11-3917-4250-BA0A-3E938B8B370C}.Release|Any CPU.ActiveCfg = Release|Any CPU
		{F898DD11-3917-4250-BA0A-3E938B8B370C}.Release|Any CPU.Build.0 = Release|Any CPU
		{E37A12B7-B4AA-43F2-A211-0A72A79CFD5A}.Debug|Any CPU.ActiveCfg = Debug|Any CPU
		{E37A12B7-B4AA-43F2-A211-0A72A79CFD5A}.Debug|Any CPU.Build.0 = Debug|Any CPU
		{E37A12B7-B4AA-43F2-A211-0A72A79CFD5A}.Release|Any CPU.ActiveCfg = Release|Any CPU
		{E37A12B7-B4AA-43F2-A211-0A72A79CFD5A}.Release|Any CPU.Build.0 = Release|Any CPU
		{9D7B7769-8E87-434C-A5BB-08BE4FB59649}.Debug|Any CPU.ActiveCfg = Debug|Any CPU
		{9D7B7769-8E87-434C-A5BB-08BE4FB59649}.Debug|Any CPU.Build.0 = Debug|Any CPU
		{9D7B7769-8E87-434C-A5BB-08BE4FB59649}.Release|Any CPU.ActiveCfg = Release|Any CPU
		{9D7B7769-8E87-434C-A5BB-08BE4FB59649}.Release|Any CPU.Build.0 = Release|Any CPU
		{AD7C5E8C-A984-4684-ABF1-64328983D753}.Debug|Any CPU.ActiveCfg = Debug|Any CPU
		{AD7C5E8C-A984-4684-ABF1-64328983D753}.Debug|Any CPU.Build.0 = Debug|Any CPU
		{AD7C5E8C-A984-4684-ABF1-64328983D753}.Release|Any CPU.ActiveCfg = Release|Any CPU
		{AD7C5E8C-A984-4684-ABF1-64328983D753}.Release|Any CPU.Build.0 = Release|Any CPU
		{73060A29-0EE7-42EE-91A4-A8F3D1B5A71A}.Debug|Any CPU.ActiveCfg = Debug|Any CPU
		{73060A29-0EE7-42EE-91A4-A8F3D1B5A71A}.Debug|Any CPU.Build.0 = Debug|Any CPU
		{73060A29-0EE7-42EE-91A4-A8F3D1B5A71A}.Release|Any CPU.ActiveCfg = Release|Any CPU
		{73060A29-0EE7-42EE-91A4-A8F3D1B5A71A}.Release|Any CPU.Build.0 = Release|Any CPU
		{08D985B9-3656-4B7D-A27F-F33C2AA7008A}.Debug|Any CPU.ActiveCfg = Debug|Any CPU
		{08D985B9-3656-4B7D-A27F-F33C2AA7008A}.Debug|Any CPU.Build.0 = Debug|Any CPU
		{08D985B9-3656-4B7D-A27F-F33C2AA7008A}.Release|Any CPU.ActiveCfg = Release|Any CPU
		{08D985B9-3656-4B7D-A27F-F33C2AA7008A}.Release|Any CPU.Build.0 = Release|Any CPU
		{F877A3D0-7312-4479-9FDD-0D653B8D7383}.Debug|Any CPU.ActiveCfg = Debug|Any CPU
		{F877A3D0-7312-4479-9FDD-0D653B8D7383}.Debug|Any CPU.Build.0 = Debug|Any CPU
		{F877A3D0-7312-4479-9FDD-0D653B8D7383}.Release|Any CPU.ActiveCfg = Release|Any CPU
		{F877A3D0-7312-4479-9FDD-0D653B8D7383}.Release|Any CPU.Build.0 = Release|Any CPU
		{EDFC4C4B-17DD-4CA0-8385-0EE57810AC48}.Debug|Any CPU.ActiveCfg = Debug|Any CPU
		{EDFC4C4B-17DD-4CA0-8385-0EE57810AC48}.Debug|Any CPU.Build.0 = Debug|Any CPU
		{EDFC4C4B-17DD-4CA0-8385-0EE57810AC48}.Release|Any CPU.ActiveCfg = Release|Any CPU
		{EDFC4C4B-17DD-4CA0-8385-0EE57810AC48}.Release|Any CPU.Build.0 = Release|Any CPU
	EndGlobalSection
	GlobalSection(NestedProjects) = preSolution
		{B487E407-0A41-46B9-8515-82472631E6AA} = {57B7C07C-654E-41D3-8E85-34FB40B790F6}
		{172D2722-A56E-4A3C-8EB7-C0A81FC38F47} = {4CF15933-F533-40F6-BBB4-18C586453664}
		{17567503-512E-4546-8A37-1A6006242475} = {4CF15933-F533-40F6-BBB4-18C586453664}
		{708F5DAD-550E-4146-B146-77E5758DAA29} = {4CF15933-F533-40F6-BBB4-18C586453664}
		{981A8248-8E74-47DA-9F72-4324D6CF8FA0} = {15EF6437-3E96-4AFE-8670-56FA0D7A8860}
		{03C5B4A0-1503-432A-9AAF-C7B327665DAF} = {296A0F01-3290-4A5B-8922-F195DDC8606C}
		{B0CDFC83-ACA5-4431-885B-EE8529C8B465} = {296A0F01-3290-4A5B-8922-F195DDC8606C}
		{9EEA36DA-0879-490A-8651-183FA60B5FF1} = {EC08E712-ECAC-4F1C-A667-0078DDE303D7}
		{A423F2C4-9DFD-4DB4-842B-F19D0FCB803E} = {AA1F1DF1-1BE4-4FF6-B90E-7B0998844FC5}
		{DC78D9AD-1052-4147-A919-2FB62C184103} = {A41DA6F6-AF47-4433-AFC4-26E39C3D4B5D}
		{45570D27-56BF-4D98-9B3F-C7C5D1DD3A08} = {16EFE7A5-322E-4F9A-B205-431C062930FB}
		{F2B8BADA-6455-44AB-B60B-66E5AA12CB56} = {80DC69BA-AA9E-4807-A3FC-61B1313EAE88}
		{7F159263-AF6B-47B2-A90F-0B5CE6D2B203} = {94168163-AFD5-4EEB-B2D4-8876F1542D4C}
		{DDD36931-9C78-4005-A059-AB4A1DE6C964} = {810B021A-B241-4F61-B282-39AB76FC09CA}
		{A1E11CD0-2343-43EB-BCBE-207FF24CFE8A} = {92F4A1A7-2BF3-44AE-9324-FD971717B2AF}
		{862AF77B-1394-44D8-B9BC-7E0802E1E20F} = {80DC69BA-AA9E-4807-A3FC-61B1313EAE88}
		{8851F2EC-4DE2-4A47-A5D8-A6332E4CC800} = {E21023E3-70C9-4DDE-8507-7100978468D7}
		{19AD9425-36BB-44B9-97A0-3176035887A2} = {B3930725-F9A1-43A1-A9E3-4AECE2FFBF9D}
		{59C35B99-A1AF-4496-9F8C-04D0EE15614C} = {339C3C94-B3A8-4897-86E3-FCD10EEC6E75}
		{59D62BB5-6953-4CE7-A5CF-A5F9DC4352CD} = {FF23B506-A0F9-45EE-8B5A-D94977D749B2}
		{C63B6440-ECD0-4C41-B402-F9B2C2EE05A9} = {FF23B506-A0F9-45EE-8B5A-D94977D749B2}
		{1BE52CAF-AAF6-46C5-95C4-CEEA31554B37} = {CF0A729A-6AF0-4E93-AA6C-C86E95ED06C6}
		{7767F174-76FA-4830-BB3B-245EC2167454} = {928BA9AB-D28D-4212-86B6-8BB75E4AAAE3}
		{9980CCCD-2BF6-4E26-8AC3-5223F7E5D933} = {928BA9AB-D28D-4212-86B6-8BB75E4AAAE3}
		{BD29BFC4-23CE-4002-A6B9-CF23E96D977E} = {812F7D09-57BE-4066-BD4D-0FB8894D6DD8}
		{B334443B-B438-42A2-8245-075E42ABFF7D} = {812F7D09-57BE-4066-BD4D-0FB8894D6DD8}
		{539C053F-F91C-4D76-93E7-F0F35918899E} = {111BBBF6-23DD-45E5-B412-1784A3A157D3}
		{44BF0CB4-EBD6-40EA-9555-B75D99FAC39A} = {7C08D5D1-E69F-4332-9874-022D8A1A4512}
		{8896B72C-C5E2-46A4-8D5A-3F15E13D4900} = {4A048B60-63B2-4A32-9964-30A9FF4FD0DF}
		{25ED0920-8133-4046-AE8C-A00BA51DF93A} = {6BAF103F-7FFB-42FA-996C-5E9A3EAF54E5}
		{960F18FC-24FA-4F64-B067-279DB5E3BD39} = {DD62B991-67E4-4881-9F6B-39756DA3BDFA}
		{EE38913F-41C8-4413-9A24-4E9186E2BF61} = {C614E75A-A91C-4607-8020-53F6CDD1D96D}
		{6B1010A5-1E3A-4B5C-AB7C-46709D0E598E} = {4EE5C369-2A55-4E1F-B5B2-A63A88007DBD}
		{74181555-CDE2-4A37-BF53-2A5568DD28D6} = {688D1104-A574-4ADA-9940-3DB79A9ED153}
		{79B8BAD9-23E6-4FA0-8F6D-9ECACF3E69CE} = {688D1104-A574-4ADA-9940-3DB79A9ED153}
		{2C73CEBD-6909-4B20-AA23-708EE76124C9} = {1578F5AF-82D7-4192-B1EE-B18171810BB0}
		{6A02736A-87B2-40E1-A83F-D712395249BE} = {964972EF-1079-4961-9B2B-BD1148D0138A}
		{CE854EAF-5849-46FD-BFC8-CE0DA4C94C26} = {964972EF-1079-4961-9B2B-BD1148D0138A}
		{11313254-EE63-4872-BB0B-51396CAABF0B} = {A04329DA-FA79-477E-9409-FE925AF09484}
		{5322456F-5528-4585-98A8-1AA49420F795} = {A04329DA-FA79-477E-9409-FE925AF09484}
		{EDDF22D2-94F6-4FC7-9D05-8385982863EC} = {929B27D8-62DB-4967-AAAB-65E9A7E3AA46}
		{58020D20-AD40-42E4-910E-9C5FA8CADD21} = {2FACD89D-130E-464F-A134-490515E56197}
		{72BC5808-2233-42AE-B69B-03FB40693FB9} = {2FACD89D-130E-464F-A134-490515E56197}
		{60A26AE7-EF2C-4DAC-A132-29F85AC4D498} = {4323A165-9BD5-4FEE-8A3C-C13D58E53A50}
		{22BA9341-8C3D-4E4C-94EE-974284E47CB3} = {57209000-E8D7-4654-940D-C79D1A486D48}
		{8D6198E2-5A6B-4205-BB70-B6D8D6567789} = {3FA27A2A-1012-43ED-AA86-0B023D20844E}
		{1502CEB0-EFC3-4AFB-BBD1-D4FB452728A4} = {3FA27A2A-1012-43ED-AA86-0B023D20844E}
		{32FF6E0C-E3B3-49CE-BFEE-556AD8A96A07} = {2DE89BE7-448C-4F4A-BF75-DC62A9ED7889}
		{4BC103E3-1527-4A70-A736-41D2790AA401} = {2DE89BE7-448C-4F4A-BF75-DC62A9ED7889}
		{3C39E36A-CEA1-4DD1-B3B8-CBA5939AC84C} = {582CD534-00D7-45E7-856A-665D96716496}
		{8F9F1F5B-8A81-4398-BF33-7564CE66A297} = {582CD534-00D7-45E7-856A-665D96716496}
		{A796FFAB-C9CB-4A88-B49F-F91BB5D0B69E} = {60C0E5D1-651A-4298-A0D6-DC42CBF57488}
		{F14377F0-9DC4-4910-9013-EF24AD66204F} = {60C0E5D1-651A-4298-A0D6-DC42CBF57488}
		{8F92AF6E-4B47-42AC-8AF2-8AC27C88B352} = {34CF5979-DD2D-41D3-AFC1-7C84C9BE6B4B}
		{F898DD11-3917-4250-BA0A-3E938B8B370C} = {7BC9D3B1-538A-4144-8156-096C940BC560}
		{E37A12B7-B4AA-43F2-A211-0A72A79CFD5A} = {7BC9D3B1-538A-4144-8156-096C940BC560}
		{9D7B7769-8E87-434C-A5BB-08BE4FB59649} = {6C6C8522-7588-48E8-8E83-264DD40C6326}
		{AD7C5E8C-A984-4684-ABF1-64328983D753} = {6C6C8522-7588-48E8-8E83-264DD40C6326}
		{73060A29-0EE7-42EE-91A4-A8F3D1B5A71A} = {3DD24E56-05E5-4F19-A424-A963A97593AB}
		{08D985B9-3656-4B7D-A27F-F33C2AA7008A} = {6A45146D-C453-4836-B7B0-4D08A8832235}
		{F877A3D0-7312-4479-9FDD-0D653B8D7383} = {6A45146D-C453-4836-B7B0-4D08A8832235}
		{EDFC4C4B-17DD-4CA0-8385-0EE57810AC48} = {6CBF64B8-A830-47F6-940B-A56F1C4FB83E}
	EndGlobalSection
EndGlobal
